{
  "object": {
    "pins": [
      {
        "package": "SwiftUI_CSS",
        "repositoryURL": "https://github.com/hite/SwiftUI-CSS",
        "state": {
          "branch": null,
          "revision": "afec70fe2912c02a3add34f54a9a0bac565edaa7",
          "version": "1.1.2"
        }
      }
    ]
  },
  "version": 1
}
