{
  "object": {
    "pins": [
      {
        "package": "SwiftUI_CSS",
        "repositoryURL": "https://github.com/hite/SwiftUI-CSS",
        "state": {
          "branch": null,
          "revision": "84c10e585ef4fa663db232c81c290ab5a5a9f207",
          "version": "1.2.3"
        }
      }
    ]
  },
  "version": 1
}
